
Microsoft Visual Studio Solution File, Format Version 12.00
# Visual Studio Version 17
VisualStudioVersion = 17.7.34031.279
MinimumVisualStudioVersion = 10.0.40219.1
Project("{FAE04EC0-301F-11D3-BF4B-00C04F79EFBC}") = "hw_14_task_01", "hw_14_task_01\hw_14_task_01.csproj", "{314205BF-2724-4D05-9201-D3C929EC5A4B}"
EndProject
Global
	GlobalSection(SolutionConfigurationPlatforms) = preSolution
		Debug|Any CPU = Debug|Any CPU
		Release|Any CPU = Release|Any CPU
	EndGlobalSection
	GlobalSection(ProjectConfigurationPlatforms) = postSolution
		{314205BF-2724-4D05-9201-D3C929EC5A4B}.Debug|Any CPU.ActiveCfg = Debug|Any CPU
		{314205BF-2724-4D05-9201-D3C929EC5A4B}.Debug|Any CPU.Build.0 = Debug|Any CPU
		{314205BF-2724-4D05-9201-D3C929EC5A4B}.Release|Any CPU.ActiveCfg = Release|Any CPU
		{314205BF-2724-4D05-9201-D3C929EC5A4B}.Release|Any CPU.Build.0 = Release|Any CPU
	EndGlobalSection
	GlobalSection(SolutionProperties) = preSolution
		HideSolutionNode = FALSE
	EndGlobalSection
	GlobalSection(ExtensibilityGlobals) = postSolution
		SolutionGuid = {B4FFB18B-E836-4953-A902-F464B57387F2}
	EndGlobalSection
EndGlobal
