
Microsoft Visual Studio Solution File, Format Version 12.00
# Visual Studio Version 17
VisualStudioVersion = 17.7.34031.279
MinimumVisualStudioVersion = 10.0.40219.1
Project("{FAE04EC0-301F-11D3-BF4B-00C04F79EFBC}") = "hw_14_task_03", "hw_14_task_03\hw_14_task_03.csproj", "{F6F241D8-D263-4264-BB85-91FCCCA80A0D}"
EndProject
Global
	GlobalSection(SolutionConfigurationPlatforms) = preSolution
		Debug|Any CPU = Debug|Any CPU
		Release|Any CPU = Release|Any CPU
	EndGlobalSection
	GlobalSection(ProjectConfigurationPlatforms) = postSolution
		{F6F241D8-D263-4264-BB85-91FCCCA80A0D}.Debug|Any CPU.ActiveCfg = Debug|Any CPU
		{F6F241D8-D263-4264-BB85-91FCCCA80A0D}.Debug|Any CPU.Build.0 = Debug|Any CPU
		{F6F241D8-D263-4264-BB85-91FCCCA80A0D}.Release|Any CPU.ActiveCfg = Release|Any CPU
		{F6F241D8-D263-4264-BB85-91FCCCA80A0D}.Release|Any CPU.Build.0 = Release|Any CPU
	EndGlobalSection
	GlobalSection(SolutionProperties) = preSolution
		HideSolutionNode = FALSE
	EndGlobalSection
	GlobalSection(ExtensibilityGlobals) = postSolution
		SolutionGuid = {F4504CD1-9C99-4ECB-B677-47B144A74CFD}
	EndGlobalSection
EndGlobal
